// !$*UTF8*$!
{
	archiveVersion = 1;
	classes = {
	};
	objectVersion = 50;
	objects = {

/* Begin PBXBuildFile section */
		E32B698E255CDA61005D7A85 /* AppDelegate.swift in Sources */ = {isa = PBXBuildFile; fileRef = E32B698D255CDA61005D7A85 /* AppDelegate.swift */; };
		E32B6990255CDA61005D7A85 /* ContentView.swift in Sources */ = {isa = PBXBuildFile; fileRef = E32B698F255CDA61005D7A85 /* ContentView.swift */; };
		E32B6992255CDA62005D7A85 /* Assets.xcassets in Resources */ = {isa = PBXBuildFile; fileRef = E32B6991255CDA62005D7A85 /* Assets.xcassets */; };
		E32B6995255CDA62005D7A85 /* Preview Assets.xcassets in Resources */ = {isa = PBXBuildFile; fileRef = E32B6994255CDA62005D7A85 /* Preview Assets.xcassets */; };
		E32B6998255CDA62005D7A85 /* Main.storyboard in Resources */ = {isa = PBXBuildFile; fileRef = E32B6996255CDA62005D7A85 /* Main.storyboard */; };
		E32B69A4255CDA62005D7A85 /* Swifty8Tests.swift in Sources */ = {isa = PBXBuildFile; fileRef = E32B69A3255CDA62005D7A85 /* Swifty8Tests.swift */; };
		E32B69AF255CDA62005D7A85 /* Swifty8UITests.swift in Sources */ = {isa = PBXBuildFile; fileRef = E32B69AE255CDA62005D7A85 /* Swifty8UITests.swift */; };
/* End PBXBuildFile section */

/* Begin PBXContainerItemProxy section */
		E32B69A0255CDA62005D7A85 /* PBXContainerItemProxy */ = {
			isa = PBXContainerItemProxy;
			containerPortal = E32B6982255CDA61005D7A85 /* Project object */;
			proxyType = 1;
			remoteGlobalIDString = E32B6989255CDA61005D7A85;
			remoteInfo = Swifty8;
		};
		E32B69AB255CDA62005D7A85 /* PBXContainerItemProxy */ = {
			isa = PBXContainerItemProxy;
			containerPortal = E32B6982255CDA61005D7A85 /* Project object */;
			proxyType = 1;
			remoteGlobalIDString = E32B6989255CDA61005D7A85;
			remoteInfo = Swifty8;
		};
/* End PBXContainerItemProxy section */

/* Begin PBXFileReference section */
		E32B698A255CDA61005D7A85 /* Swifty8.app */ = {isa = PBXFileReference; explicitFileType = wrapper.application; includeInIndex = 0; path = Swifty8.app; sourceTree = BUILT_PRODUCTS_DIR; };
		E32B698D255CDA61005D7A85 /* AppDelegate.swift */ = {isa = PBXFileReference; lastKnownFileType = sourcecode.swift; path = AppDelegate.swift; sourceTree = "<group>"; };
		E32B698F255CDA61005D7A85 /* ContentView.swift */ = {isa = PBXFileReference; lastKnownFileType = sourcecode.swift; path = ContentView.swift; sourceTree = "<group>"; };
		E32B6991255CDA62005D7A85 /* Assets.xcassets */ = {isa = PBXFileReference; lastKnownFileType = folder.assetcatalog; path = Assets.xcassets; sourceTree = "<group>"; };
		E32B6994255CDA62005D7A85 /* Preview Assets.xcassets */ = {isa = PBXFileReference; lastKnownFileType = folder.assetcatalog; path = "Preview Assets.xcassets"; sourceTree = "<group>"; };
		E32B6997255CDA62005D7A85 /* Base */ = {isa = PBXFileReference; lastKnownFileType = file.storyboard; name = Base; path = Base.lproj/Main.storyboard; sourceTree = "<group>"; };
		E32B6999255CDA62005D7A85 /* Info.plist */ = {isa = PBXFileReference; lastKnownFileType = text.plist.xml; path = Info.plist; sourceTree = "<group>"; };
		E32B699A255CDA62005D7A85 /* Swifty8.entitlements */ = {isa = PBXFileReference; lastKnownFileType = text.plist.entitlements; path = Swifty8.entitlements; sourceTree = "<group>"; };
		E32B699F255CDA62005D7A85 /* Swifty8Tests.xctest */ = {isa = PBXFileReference; explicitFileType = wrapper.cfbundle; includeInIndex = 0; path = Swifty8Tests.xctest; sourceTree = BUILT_PRODUCTS_DIR; };
		E32B69A3255CDA62005D7A85 /* Swifty8Tests.swift */ = {isa = PBXFileReference; lastKnownFileType = sourcecode.swift; path = Swifty8Tests.swift; sourceTree = "<group>"; };
		E32B69A5255CDA62005D7A85 /* Info.plist */ = {isa = PBXFileReference; lastKnownFileType = text.plist.xml; path = Info.plist; sourceTree = "<group>"; };
		E32B69AA255CDA62005D7A85 /* Swifty8UITests.xctest */ = {isa = PBXFileReference; explicitFileType = wrapper.cfbundle; includeInIndex = 0; path = Swifty8UITests.xctest; sourceTree = BUILT_PRODUCTS_DIR; };
		E32B69AE255CDA62005D7A85 /* Swifty8UITests.swift */ = {isa = PBXFileReference; lastKnownFileType = sourcecode.swift; path = Swifty8UITests.swift; sourceTree = "<group>"; };
		E32B69B0255CDA62005D7A85 /* Info.plist */ = {isa = PBXFileReference; lastKnownFileType = text.plist.xml; path = Info.plist; sourceTree = "<group>"; };
/* End PBXFileReference section */

/* Begin PBXFrameworksBuildPhase section */
		E32B6987255CDA61005D7A85 /* Frameworks */ = {
			isa = PBXFrameworksBuildPhase;
			buildActionMask = 2147483647;
			files = (
			);
			runOnlyForDeploymentPostprocessing = 0;
		};
		E32B699C255CDA62005D7A85 /* Frameworks */ = {
			isa = PBXFrameworksBuildPhase;
			buildActionMask = 2147483647;
			files = (
			);
			runOnlyForDeploymentPostprocessing = 0;
		};
		E32B69A7255CDA62005D7A85 /* Frameworks */ = {
			isa = PBXFrameworksBuildPhase;
			buildActionMask = 2147483647;
			files = (
			);
			runOnlyForDeploymentPostprocessing = 0;
		};
/* End PBXFrameworksBuildPhase section */

/* Begin PBXGroup section */
		E32B6981255CDA61005D7A85 = {
			isa = PBXGroup;
			children = (
				E32B698C255CDA61005D7A85 /* Swifty8 */,
				E32B69A2255CDA62005D7A85 /* Swifty8Tests */,
				E32B69AD255CDA62005D7A85 /* Swifty8UITests */,
				E32B698B255CDA61005D7A85 /* Products */,
			);
			sourceTree = "<group>";
		};
		E32B698B255CDA61005D7A85 /* Products */ = {
			isa = PBXGroup;
			children = (
				E32B698A255CDA61005D7A85 /* Swifty8.app */,
				E32B699F255CDA62005D7A85 /* Swifty8Tests.xctest */,
				E32B69AA255CDA62005D7A85 /* Swifty8UITests.xctest */,
			);
			name = Products;
			sourceTree = "<group>";
		};
		E32B698C255CDA61005D7A85 /* Swifty8 */ = {
			isa = PBXGroup;
			children = (
				E32B698D255CDA61005D7A85 /* AppDelegate.swift */,
				E32B698F255CDA61005D7A85 /* ContentView.swift */,
				E32B6991255CDA62005D7A85 /* Assets.xcassets */,
				E32B6996255CDA62005D7A85 /* Main.storyboard */,
				E32B6999255CDA62005D7A85 /* Info.plist */,
				E32B699A255CDA62005D7A85 /* Swifty8.entitlements */,
				E32B6993255CDA62005D7A85 /* Preview Content */,
			);
			path = Swifty8;
			sourceTree = "<group>";
		};
		E32B6993255CDA62005D7A85 /* Preview Content */ = {
			isa = PBXGroup;
			children = (
				E32B6994255CDA62005D7A85 /* Preview Assets.xcassets */,
			);
			path = "Preview Content";
			sourceTree = "<group>";
		};
		E32B69A2255CDA62005D7A85 /* Swifty8Tests */ = {
			isa = PBXGroup;
			children = (
				E32B69A3255CDA62005D7A85 /* Swifty8Tests.swift */,
				E32B69A5255CDA62005D7A85 /* Info.plist */,
			);
			path = Swifty8Tests;
			sourceTree = "<group>";
		};
		E32B69AD255CDA62005D7A85 /* Swifty8UITests */ = {
			isa = PBXGroup;
			children = (
				E32B69AE255CDA62005D7A85 /* Swifty8UITests.swift */,
				E32B69B0255CDA62005D7A85 /* Info.plist */,
			);
			path = Swifty8UITests;
			sourceTree = "<group>";
		};
/* End PBXGroup section */

/* Begin PBXNativeTarget section */
		E32B6989255CDA61005D7A85 /* Swifty8 */ = {
			isa = PBXNativeTarget;
			buildConfigurationList = E32B69B3255CDA62005D7A85 /* Build configuration list for PBXNativeTarget "Swifty8" */;
			buildPhases = (
				E32B6986255CDA61005D7A85 /* Sources */,
				E32B6987255CDA61005D7A85 /* Frameworks */,
				E32B6988255CDA61005D7A85 /* Resources */,
			);
			buildRules = (
			);
			dependencies = (
			);
			name = Swifty8;
			productName = Swifty8;
			productReference = E32B698A255CDA61005D7A85 /* Swifty8.app */;
			productType = "com.apple.product-type.application";
		};
		E32B699E255CDA62005D7A85 /* Swifty8Tests */ = {
			isa = PBXNativeTarget;
			buildConfigurationList = E32B69B6255CDA62005D7A85 /* Build configuration list for PBXNativeTarget "Swifty8Tests" */;
			buildPhases = (
				E32B699B255CDA62005D7A85 /* Sources */,
				E32B699C255CDA62005D7A85 /* Frameworks */,
				E32B699D255CDA62005D7A85 /* Resources */,
			);
			buildRules = (
			);
			dependencies = (
				E32B69A1255CDA62005D7A85 /* PBXTargetDependency */,
			);
			name = Swifty8Tests;
			productName = Swifty8Tests;
			productReference = E32B699F255CDA62005D7A85 /* Swifty8Tests.xctest */;
			productType = "com.apple.product-type.bundle.unit-test";
		};
		E32B69A9255CDA62005D7A85 /* Swifty8UITests */ = {
			isa = PBXNativeTarget;
			buildConfigurationList = E32B69B9255CDA62005D7A85 /* Build configuration list for PBXNativeTarget "Swifty8UITests" */;
			buildPhases = (
				E32B69A6255CDA62005D7A85 /* Sources */,
				E32B69A7255CDA62005D7A85 /* Frameworks */,
				E32B69A8255CDA62005D7A85 /* Resources */,
			);
			buildRules = (
			);
			dependencies = (
				E32B69AC255CDA62005D7A85 /* PBXTargetDependency */,
			);
			name = Swifty8UITests;
			productName = Swifty8UITests;
			productReference = E32B69AA255CDA62005D7A85 /* Swifty8UITests.xctest */;
			productType = "com.apple.product-type.bundle.ui-testing";
		};
/* End PBXNativeTarget section */

/* Begin PBXProject section */
		E32B6982255CDA61005D7A85 /* Project object */ = {
			isa = PBXProject;
			attributes = {
				LastSwiftUpdateCheck = 1210;
				LastUpgradeCheck = 1210;
				TargetAttributes = {
					E32B6989255CDA61005D7A85 = {
						CreatedOnToolsVersion = 12.1;
					};
					E32B699E255CDA62005D7A85 = {
						CreatedOnToolsVersion = 12.1;
						TestTargetID = E32B6989255CDA61005D7A85;
					};
					E32B69A9255CDA62005D7A85 = {
						CreatedOnToolsVersion = 12.1;
						TestTargetID = E32B6989255CDA61005D7A85;
					};
				};
			};
			buildConfigurationList = E32B6985255CDA61005D7A85 /* Build configuration list for PBXProject "Swifty8" */;
			compatibilityVersion = "Xcode 9.3";
			developmentRegion = en;
			hasScannedForEncodings = 0;
			knownRegions = (
				en,
				Base,
			);
			mainGroup = E32B6981255CDA61005D7A85;
			productRefGroup = E32B698B255CDA61005D7A85 /* Products */;
			projectDirPath = "";
			projectRoot = "";
			targets = (
				E32B6989255CDA61005D7A85 /* Swifty8 */,
				E32B699E255CDA62005D7A85 /* Swifty8Tests */,
				E32B69A9255CDA62005D7A85 /* Swifty8UITests */,
			);
		};
/* End PBXProject section */

/* Begin PBXResourcesBuildPhase section */
		E32B6988255CDA61005D7A85 /* Resources */ = {
			isa = PBXResourcesBuildPhase;
			buildActionMask = 2147483647;
			files = (
				E32B6998255CDA62005D7A85 /* Main.storyboard in Resources */,
				E32B6995255CDA62005D7A85 /* Preview Assets.xcassets in Resources */,
				E32B6992255CDA62005D7A85 /* Assets.xcassets in Resources */,
			);
			runOnlyForDeploymentPostprocessing = 0;
		};
		E32B699D255CDA62005D7A85 /* Resources */ = {
			isa = PBXResourcesBuildPhase;
			buildActionMask = 2147483647;
			files = (
			);
			runOnlyForDeploymentPostprocessing = 0;
		};
		E32B69A8255CDA62005D7A85 /* Resources */ = {
			isa = PBXResourcesBuildPhase;
			buildActionMask = 2147483647;
			files = (
			);
			runOnlyForDeploymentPostprocessing = 0;
		};
/* End PBXResourcesBuildPhase section */

/* Begin PBXSourcesBuildPhase section */
		E32B6986255CDA61005D7A85 /* Sources */ = {
			isa = PBXSourcesBuildPhase;
			buildActionMask = 2147483647;
			files = (
				E32B6990255CDA61005D7A85 /* ContentView.swift in Sources */,
				E32B698E255CDA61005D7A85 /* AppDelegate.swift in Sources */,
			);
			runOnlyForDeploymentPostprocessing = 0;
		};
		E32B699B255CDA62005D7A85 /* Sources */ = {
			isa = PBXSourcesBuildPhase;
			buildActionMask = 2147483647;
			files = (
				E32B69A4255CDA62005D7A85 /* Swifty8Tests.swift in Sources */,
			);
			runOnlyForDeploymentPostprocessing = 0;
		};
		E32B69A6255CDA62005D7A85 /* Sources */ = {
			isa = PBXSourcesBuildPhase;
			buildActionMask = 2147483647;
			files = (
				E32B69AF255CDA62005D7A85 /* Swifty8UITests.swift in Sources */,
			);
			runOnlyForDeploymentPostprocessing = 0;
		};
/* End PBXSourcesBuildPhase section */

/* Begin PBXTargetDependency section */
		E32B69A1255CDA62005D7A85 /* PBXTargetDependency */ = {
			isa = PBXTargetDependency;
			target = E32B6989255CDA61005D7A85 /* Swifty8 */;
			targetProxy = E32B69A0255CDA62005D7A85 /* PBXContainerItemProxy */;
		};
		E32B69AC255CDA62005D7A85 /* PBXTargetDependency */ = {
			isa = PBXTargetDependency;
			target = E32B6989255CDA61005D7A85 /* Swifty8 */;
			targetProxy = E32B69AB255CDA62005D7A85 /* PBXContainerItemProxy */;
		};
/* End PBXTargetDependency section */

/* Begin PBXVariantGroup section */
		E32B6996255CDA62005D7A85 /* Main.storyboard */ = {
			isa = PBXVariantGroup;
			children = (
				E32B6997255CDA62005D7A85 /* Base */,
			);
			name = Main.storyboard;
			sourceTree = "<group>";
		};
/* End PBXVariantGroup section */

/* Begin XCBuildConfiguration section */
		E32B69B1255CDA62005D7A85 /* Debug */ = {
			isa = XCBuildConfiguration;
			buildSettings = {
				ALWAYS_SEARCH_USER_PATHS = NO;
				CLANG_ANALYZER_NONNULL = YES;
				CLANG_ANALYZER_NUMBER_OBJECT_CONVERSION = YES_AGGRESSIVE;
				CLANG_CXX_LANGUAGE_STANDARD = "gnu++14";
				CLANG_CXX_LIBRARY = "libc++";
				CLANG_ENABLE_MODULES = YES;
				CLANG_ENABLE_OBJC_ARC = YES;
				CLANG_ENABLE_OBJC_WEAK = YES;
				CLANG_WARN_BLOCK_CAPTURE_AUTORELEASING = YES;
				CLANG_WARN_BOOL_CONVERSION = YES;
				CLANG_WARN_COMMA = YES;
				CLANG_WARN_CONSTANT_CONVERSION = YES;
				CLANG_WARN_DEPRECATED_OBJC_IMPLEMENTATIONS = YES;
				CLANG_WARN_DIRECT_OBJC_ISA_USAGE = YES_ERROR;
				CLANG_WARN_DOCUMENTATION_COMMENTS = YES;
				CLANG_WARN_EMPTY_BODY = YES;
				CLANG_WARN_ENUM_CONVERSION = YES;
				CLANG_WARN_INFINITE_RECURSION = YES;
				CLANG_WARN_INT_CONVERSION = YES;
				CLANG_WARN_NON_LITERAL_NULL_CONVERSION = YES;
				CLANG_WARN_OBJC_IMPLICIT_RETAIN_SELF = YES;
				CLANG_WARN_OBJC_LITERAL_CONVERSION = YES;
				CLANG_WARN_OBJC_ROOT_CLASS = YES_ERROR;
				CLANG_WARN_QUOTED_INCLUDE_IN_FRAMEWORK_HEADER = YES;
				CLANG_WARN_RANGE_LOOP_ANALYSIS = YES;
				CLANG_WARN_STRICT_PROTOTYPES = YES;
				CLANG_WARN_SUSPICIOUS_MOVE = YES;
				CLANG_WARN_UNGUARDED_AVAILABILITY = YES_AGGRESSIVE;
				CLANG_WARN_UNREACHABLE_CODE = YES;
				CLANG_WARN__DUPLICATE_METHOD_MATCH = YES;
				COPY_PHASE_STRIP = NO;
				DEBUG_INFORMATION_FORMAT = dwarf;
				ENABLE_STRICT_OBJC_MSGSEND = YES;
				ENABLE_TESTABILITY = YES;
				GCC_C_LANGUAGE_STANDARD = gnu11;
				GCC_DYNAMIC_NO_PIC = NO;
				GCC_NO_COMMON_BLOCKS = YES;
				GCC_OPTIMIZATION_LEVEL = 0;
				GCC_PREPROCESSOR_DEFINITIONS = (
					"DEBUG=1",
					"$(inherited)",
				);
				GCC_WARN_64_TO_32_BIT_CONVERSION = YES;
				GCC_WARN_ABOUT_RETURN_TYPE = YES_ERROR;
				GCC_WARN_UNDECLARED_SELECTOR = YES;
				GCC_WARN_UNINITIALIZED_AUTOS = YES_AGGRESSIVE;
				GCC_WARN_UNUSED_FUNCTION = YES;
				GCC_WARN_UNUSED_VARIABLE = YES;
				MACOSX_DEPLOYMENT_TARGET = 10.15;
				MTL_ENABLE_DEBUG_INFO = INCLUDE_SOURCE;
				MTL_FAST_MATH = YES;
				ONLY_ACTIVE_ARCH = YES;
				SDKROOT = macosx;
				SWIFT_ACTIVE_COMPILATION_CONDITIONS = DEBUG;
				SWIFT_OPTIMIZATION_LEVEL = "-Onone";
			};
			name = Debug;
		};
		E32B69B2255CDA62005D7A85 /* Release */ = {
			isa = XCBuildConfiguration;
			buildSettings = {
				ALWAYS_SEARCH_USER_PATHS = NO;
				CLANG_ANALYZER_NONNULL = YES;
				CLANG_ANALYZER_NUMBER_OBJECT_CONVERSION = YES_AGGRESSIVE;
				CLANG_CXX_LANGUAGE_STANDARD = "gnu++14";
				CLANG_CXX_LIBRARY = "libc++";
				CLANG_ENABLE_MODULES = YES;
				CLANG_ENABLE_OBJC_ARC = YES;
				CLANG_ENABLE_OBJC_WEAK = YES;
				CLANG_WARN_BLOCK_CAPTURE_AUTORELEASING = YES;
				CLANG_WARN_BOOL_CONVERSION = YES;
				CLANG_WARN_COMMA = YES;
				CLANG_WARN_CONSTANT_CONVERSION = YES;
				CLANG_WARN_DEPRECATED_OBJC_IMPLEMENTATIONS = YES;
				CLANG_WARN_DIRECT_OBJC_ISA_USAGE = YES_ERROR;
				CLANG_WARN_DOCUMENTATION_COMMENTS = YES;
				CLANG_WARN_EMPTY_BODY = YES;
				CLANG_WARN_ENUM_CONVERSION = YES;
				CLANG_WARN_INFINITE_RECURSION = YES;
				CLANG_WARN_INT_CONVERSION = YES;
				CLANG_WARN_NON_LITERAL_NULL_CONVERSION = YES;
				CLANG_WARN_OBJC_IMPLICIT_RETAIN_SELF = YES;
				CLANG_WARN_OBJC_LITERAL_CONVERSION = YES;
				CLANG_WARN_OBJC_ROOT_CLASS = YES_ERROR;
				CLANG_WARN_QUOTED_INCLUDE_IN_FRAMEWORK_HEADER = YES;
				CLANG_WARN_RANGE_LOOP_ANALYSIS = YES;
				CLANG_WARN_STRICT_PROTOTYPES = YES;
				CLANG_WARN_SUSPICIOUS_MOVE = YES;
				CLANG_WARN_UNGUARDED_AVAILABILITY = YES_AGGRESSIVE;
				CLANG_WARN_UNREACHABLE_CODE = YES;
				CLANG_WARN__DUPLICATE_METHOD_MATCH = YES;
				COPY_PHASE_STRIP = NO;
				DEBUG_INFORMATION_FORMAT = "dwarf-with-dsym";
				ENABLE_NS_ASSERTIONS = NO;
				ENABLE_STRICT_OBJC_MSGSEND = YES;
				GCC_C_LANGUAGE_STANDARD = gnu11;
				GCC_NO_COMMON_BLOCKS = YES;
				GCC_WARN_64_TO_32_BIT_CONVERSION = YES;
				GCC_WARN_ABOUT_RETURN_TYPE = YES_ERROR;
				GCC_WARN_UNDECLARED_SELECTOR = YES;
				GCC_WARN_UNINITIALIZED_AUTOS = YES_AGGRESSIVE;
				GCC_WARN_UNUSED_FUNCTION = YES;
				GCC_WARN_UNUSED_VARIABLE = YES;
				MACOSX_DEPLOYMENT_TARGET = 10.15;
				MTL_ENABLE_DEBUG_INFO = NO;
				MTL_FAST_MATH = YES;
				SDKROOT = macosx;
				SWIFT_COMPILATION_MODE = wholemodule;
				SWIFT_OPTIMIZATION_LEVEL = "-O";
			};
			name = Release;
		};
		E32B69B4255CDA62005D7A85 /* Debug */ = {
			isa = XCBuildConfiguration;
			buildSettings = {
				ASSETCATALOG_COMPILER_APPICON_NAME = AppIcon;
				ASSETCATALOG_COMPILER_GLOBAL_ACCENT_COLOR_NAME = AccentColor;
				CODE_SIGN_ENTITLEMENTS = Swifty8/Swifty8.entitlements;
				CODE_SIGN_STYLE = Automatic;
				COMBINE_HIDPI_IMAGES = YES;
				DEVELOPMENT_ASSET_PATHS = "\"Swifty8/Preview Content\"";
				DEVELOPMENT_TEAM = VUUQEGZQ2A;
				ENABLE_HARDENED_RUNTIME = YES;
				ENABLE_PREVIEWS = YES;
				INFOPLIST_FILE = Swifty8/Info.plist;
				LD_RUNPATH_SEARCH_PATHS = (
					"$(inherited)",
					"@executable_path/../Frameworks",
				);
				MACOSX_DEPLOYMENT_TARGET = 10.15;
				PRODUCT_BUNDLE_IDENTIFIER = com.kylemetz.Swifty8;
				PRODUCT_NAME = "$(TARGET_NAME)";
				SWIFT_VERSION = 5.0;
			};
			name = Debug;
		};
		E32B69B5255CDA62005D7A85 /* Release */ = {
			isa = XCBuildConfiguration;
			buildSettings = {
				ASSETCATALOG_COMPILER_APPICON_NAME = AppIcon;
				ASSETCATALOG_COMPILER_GLOBAL_ACCENT_COLOR_NAME = AccentColor;
				CODE_SIGN_ENTITLEMENTS = Swifty8/Swifty8.entitlements;
				CODE_SIGN_STYLE = Automatic;
				COMBINE_HIDPI_IMAGES = YES;
				DEVELOPMENT_ASSET_PATHS = "\"Swifty8/Preview Content\"";
				DEVELOPMENT_TEAM = VUUQEGZQ2A;
				ENABLE_HARDENED_RUNTIME = YES;
				ENABLE_PREVIEWS = YES;
				INFOPLIST_FILE = Swifty8/Info.plist;
				LD_RUNPATH_SEARCH_PATHS = (
					"$(inherited)",
					"@executable_path/../Frameworks",
				);
				MACOSX_DEPLOYMENT_TARGET = 10.15;
				PRODUCT_BUNDLE_IDENTIFIER = com.kylemetz.Swifty8;
				PRODUCT_NAME = "$(TARGET_NAME)";
				SWIFT_VERSION = 5.0;
			};
			name = Release;
		};
		E32B69B7255CDA62005D7A85 /* Debug */ = {
			isa = XCBuildConfiguration;
			buildSettings = {
				ALWAYS_EMBED_SWIFT_STANDARD_LIBRARIES = YES;
				BUNDLE_LOADER = "$(TEST_HOST)";
				CODE_SIGN_STYLE = Automatic;
				COMBINE_HIDPI_IMAGES = YES;
				DEVELOPMENT_TEAM = VUUQEGZQ2A;
				INFOPLIST_FILE = Swifty8Tests/Info.plist;
				LD_RUNPATH_SEARCH_PATHS = (
					"$(inherited)",
					"@executable_path/../Frameworks",
					"@loader_path/../Frameworks",
				);
				MACOSX_DEPLOYMENT_TARGET = 10.15;
				PRODUCT_BUNDLE_IDENTIFIER = com.kylemetz.Swifty8Tests;
				PRODUCT_NAME = "$(TARGET_NAME)";
				SWIFT_VERSION = 5.0;
				TEST_HOST = "$(BUILT_PRODUCTS_DIR)/Swifty8.app/Contents/MacOS/Swifty8";
			};
			name = Debug;
		};
		E32B69B8255CDA62005D7A85 /* Release */ = {
			isa = XCBuildConfiguration;
			buildSettings = {
				ALWAYS_EMBED_SWIFT_STANDARD_LIBRARIES = YES;
				BUNDLE_LOADER = "$(TEST_HOST)";
				CODE_SIGN_STYLE = Automatic;
				COMBINE_HIDPI_IMAGES = YES;
				DEVELOPMENT_TEAM = VUUQEGZQ2A;
				INFOPLIST_FILE = Swifty8Tests/Info.plist;
				LD_RUNPATH_SEARCH_PATHS = (
					"$(inherited)",
					"@executable_path/../Frameworks",
					"@loader_path/../Frameworks",
				);
				MACOSX_DEPLOYMENT_TARGET = 10.15;
				PRODUCT_BUNDLE_IDENTIFIER = com.kylemetz.Swifty8Tests;
				PRODUCT_NAME = "$(TARGET_NAME)";
				SWIFT_VERSION = 5.0;
				TEST_HOST = "$(BUILT_PRODUCTS_DIR)/Swifty8.app/Contents/MacOS/Swifty8";
			};
			name = Release;
		};
		E32B69BA255CDA62005D7A85 /* Debug */ = {
			isa = XCBuildConfiguration;
			buildSettings = {
				ALWAYS_EMBED_SWIFT_STANDARD_LIBRARIES = YES;
				CODE_SIGN_STYLE = Automatic;
				COMBINE_HIDPI_IMAGES = YES;
				DEVELOPMENT_TEAM = VUUQEGZQ2A;
				INFOPLIST_FILE = Swifty8UITests/Info.plist;
				LD_RUNPATH_SEARCH_PATHS = (
					"$(inherited)",
					"@executable_path/../Frameworks",
					"@loader_path/../Frameworks",
				);
				PRODUCT_BUNDLE_IDENTIFIER = com.kylemetz.Swifty8UITests;
				PRODUCT_NAME = "$(TARGET_NAME)";
				SWIFT_VERSION = 5.0;
				TEST_TARGET_NAME = Swifty8;
			};
			name = Debug;
		};
		E32B69BB255CDA62005D7A85 /* Release */ = {
			isa = XCBuildConfiguration;
			buildSettings = {
				ALWAYS_EMBED_SWIFT_STANDARD_LIBRARIES = YES;
				CODE_SIGN_STYLE = Automatic;
				COMBINE_HIDPI_IMAGES = YES;
				DEVELOPMENT_TEAM = VUUQEGZQ2A;
				INFOPLIST_FILE = Swifty8UITests/Info.plist;
				LD_RUNPATH_SEARCH_PATHS = (
					"$(inherited)",
					"@executable_path/../Frameworks",
					"@loader_path/../Frameworks",
				);
				PRODUCT_BUNDLE_IDENTIFIER = com.kylemetz.Swifty8UITests;
				PRODUCT_NAME = "$(TARGET_NAME)";
				SWIFT_VERSION = 5.0;
				TEST_TARGET_NAME = Swifty8;
			};
			name = Release;
		};
/* End XCBuildConfiguration section */

/* Begin XCConfigurationList section */
		E32B6985255CDA61005D7A85 /* Build configuration list for PBXProject "Swifty8" */ = {
			isa = XCConfigurationList;
			buildConfigurations = (
				E32B69B1255CDA62005D7A85 /* Debug */,
				E32B69B2255CDA62005D7A85 /* Release */,
			);
			defaultConfigurationIsVisible = 0;
			defaultConfigurationName = Release;
		};
		E32B69B3255CDA62005D7A85 /* Build configuration list for PBXNativeTarget "Swifty8" */ = {
			isa = XCConfigurationList;
			buildConfigurations = (
				E32B69B4255CDA62005D7A85 /* Debug */,
				E32B69B5255CDA62005D7A85 /* Release */,
			);
			defaultConfigurationIsVisible = 0;
			defaultConfigurationName = Release;
		};
		E32B69B6255CDA62005D7A85 /* Build configuration list for PBXNativeTarget "Swifty8Tests" */ = {
			isa = XCConfigurationList;
			buildConfigurations = (
				E32B69B7255CDA62005D7A85 /* Debug */,
				E32B69B8255CDA62005D7A85 /* Release */,
			);
			defaultConfigurationIsVisible = 0;
			defaultConfigurationName = Release;
		};
		E32B69B9255CDA62005D7A85 /* Build configuration list for PBXNativeTarget "Swifty8UITests" */ = {
			isa = XCConfigurationList;
			buildConfigurations = (
				E32B69BA255CDA62005D7A85 /* Debug */,
				E32B69BB255CDA62005D7A85 /* Release */,
			);
			defaultConfigurationIsVisible = 0;
			defaultConfigurationName = Release;
		};
/* End XCConfigurationList section */
	};
	rootObject = E32B6982255CDA61005D7A85 /* Project object */;
}
